{
  "version": 4,
  "terraform_version": "1.9.4",
  "serial": 6,
  "lineage": "6c55c343-2a68-8a52-014b-8762c613f88a",
  "outputs": {
    "app_url": {
      "value": "https://todolist-project-2faa2457e456.herokuapp.com/",
      "type": "string"
    }
  },
  "resources": [
    {
      "mode": "managed",
      "type": "heroku_app",
      "name": "backend",
      "provider": "provider[\"registry.terraform.io/heroku/heroku\"]",
      "instances": [
        {
          "schema_version": 1,
          "attributes": {
            "acm": false,
            "all_config_vars": {
              "DATABASE_URL": "postgres://u9d7t8ua0hkki9:pa1289dd9dc5e3b3a606f91671e37a8f13762b7be2561e1fc463a214096e30973@cbec45869p4jbu.cluster-czrs8kj4isg7.us-east-1.rds.amazonaws.com:5432/d5t5jlca0r1rou"
            },
            "buildpacks": [],
            "config_vars": {},
            "git_url": "https://git.heroku.com/todolist-project.git",
            "heroku_hostname": "todolist-project-2faa2457e456.herokuapp.com",
            "id": "f8b7f8b4-0599-473e-913c-aac1cfd9922b",
            "internal_routing": false,
            "name": "todolist-project",
            "organization": [],
            "region": "us",
            "sensitive_config_vars": {},
            "space": null,
            "stack": "heroku-22",
            "uuid": "f8b7f8b4-0599-473e-913c-aac1cfd9922b",
            "web_url": "https://todolist-project-2faa2457e456.herokuapp.com/"
          },
          "sensitive_attributes": [
            [
              {
                "type": "get_attr",
                "value": "sensitive_config_vars"
              }
            ],
            [
              {
                "type": "get_attr",
                "value": "all_config_vars"
              }
            ]
          ],
          "private": "eyJzY2hlbWFfdmVyc2lvbiI6IjEifQ=="
        }
      ]
    }
  ],
  "check_results": null
}
